
Microsoft Visual Studio Solution File, Format Version 12.00
# Visual Studio Version 17
VisualStudioVersion = 17.6.33829.357
MinimumVisualStudioVersion = 10.0.40219.1
Project("{FAE04EC0-301F-11D3-BF4B-00C04F79EFBC}") = "helo", "helo\helo.csproj", "{3CC6B045-5B7D-402C-B201-0434D2DAC3B6}"
EndProject
Global
	GlobalSection(SolutionConfigurationPlatforms) = preSolution
		Debug|Any CPU = Debug|Any CPU
		Release|Any CPU = Release|Any CPU
	EndGlobalSection
	GlobalSection(ProjectConfigurationPlatforms) = postSolution
		{3CC6B045-5B7D-402C-B201-0434D2DAC3B6}.Debug|Any CPU.ActiveCfg = Debug|Any CPU
		{3CC6B045-5B7D-402C-B201-0434D2DAC3B6}.Debug|Any CPU.Build.0 = Debug|Any CPU
		{3CC6B045-5B7D-402C-B201-0434D2DAC3B6}.Release|Any CPU.ActiveCfg = Release|Any CPU
		{3CC6B045-5B7D-402C-B201-0434D2DAC3B6}.Release|Any CPU.Build.0 = Release|Any CPU
	EndGlobalSection
	GlobalSection(SolutionProperties) = preSolution
		HideSolutionNode = FALSE
	EndGlobalSection
	GlobalSection(ExtensibilityGlobals) = postSolution
		SolutionGuid = {0F5C870F-352D-47DB-B30D-E2F50DEB7C8E}
	EndGlobalSection
EndGlobal
