
Microsoft Visual Studio Solution File, Format Version 12.00
# Visual Studio Version 17
VisualStudioVersion = 17.8.34322.80
MinimumVisualStudioVersion = 10.0.40219.1
Project("{9A19103F-16F7-4668-BE54-9A1E7A4F7556}") = "MultiForms", "MultiForms.csproj", "{94619BAD-6CA9-4EAF-A6CF-4BCB4BBAA550}"
EndProject
Global
	GlobalSection(SolutionConfigurationPlatforms) = preSolution
		Debug|Any CPU = Debug|Any CPU
		Release|Any CPU = Release|Any CPU
	EndGlobalSection
	GlobalSection(ProjectConfigurationPlatforms) = postSolution
		{94619BAD-6CA9-4EAF-A6CF-4BCB4BBAA550}.Debug|Any CPU.ActiveCfg = Debug|Any CPU
		{94619BAD-6CA9-4EAF-A6CF-4BCB4BBAA550}.Debug|Any CPU.Build.0 = Debug|Any CPU
		{94619BAD-6CA9-4EAF-A6CF-4BCB4BBAA550}.Release|Any CPU.ActiveCfg = Release|Any CPU
		{94619BAD-6CA9-4EAF-A6CF-4BCB4BBAA550}.Release|Any CPU.Build.0 = Release|Any CPU
	EndGlobalSection
	GlobalSection(SolutionProperties) = preSolution
		HideSolutionNode = FALSE
	EndGlobalSection
	GlobalSection(ExtensibilityGlobals) = postSolution
		SolutionGuid = {FCA286DB-770B-400E-A524-26FFC8FBD03F}
	EndGlobalSection
EndGlobal
