
Microsoft Visual Studio Solution File, Format Version 12.00
# Visual Studio Version 17
VisualStudioVersion = 17.8.34330.188
MinimumVisualStudioVersion = 10.0.40219.1
Project("{9A19103F-16F7-4668-BE54-9A1E7A4F7556}") = "AbstractPerson", "AbstractPerson.csproj", "{30C8BCFB-6842-4B0D-B011-E1EF7E349C75}"
EndProject
Global
	GlobalSection(SolutionConfigurationPlatforms) = preSolution
		Debug|Any CPU = Debug|Any CPU
		Release|Any CPU = Release|Any CPU
	EndGlobalSection
	GlobalSection(ProjectConfigurationPlatforms) = postSolution
		{30C8BCFB-6842-4B0D-B011-E1EF7E349C75}.Debug|Any CPU.ActiveCfg = Debug|Any CPU
		{30C8BCFB-6842-4B0D-B011-E1EF7E349C75}.Debug|Any CPU.Build.0 = Debug|Any CPU
		{30C8BCFB-6842-4B0D-B011-E1EF7E349C75}.Release|Any CPU.ActiveCfg = Release|Any CPU
		{30C8BCFB-6842-4B0D-B011-E1EF7E349C75}.Release|Any CPU.Build.0 = Release|Any CPU
	EndGlobalSection
	GlobalSection(SolutionProperties) = preSolution
		HideSolutionNode = FALSE
	EndGlobalSection
	GlobalSection(ExtensibilityGlobals) = postSolution
		SolutionGuid = {A7987E41-64D9-4DAB-BAB8-CAF3154E673D}
	EndGlobalSection
EndGlobal
