
Microsoft Visual Studio Solution File, Format Version 12.00
# Visual Studio Version 17
VisualStudioVersion = 17.8.34322.80
MinimumVisualStudioVersion = 10.0.40219.1
Project("{FAE04EC0-301F-11D3-BF4B-00C04F79EFBC}") = "Staff", "Staff.csproj", "{C3FC39D7-D456-4825-B6FB-00EAD35A53B2}"
EndProject
Global
	GlobalSection(SolutionConfigurationPlatforms) = preSolution
		Debug|Any CPU = Debug|Any CPU
		Release|Any CPU = Release|Any CPU
	EndGlobalSection
	GlobalSection(ProjectConfigurationPlatforms) = postSolution
		{C3FC39D7-D456-4825-B6FB-00EAD35A53B2}.Debug|Any CPU.ActiveCfg = Debug|Any CPU
		{C3FC39D7-D456-4825-B6FB-00EAD35A53B2}.Debug|Any CPU.Build.0 = Debug|Any CPU
		{C3FC39D7-D456-4825-B6FB-00EAD35A53B2}.Release|Any CPU.ActiveCfg = Release|Any CPU
		{C3FC39D7-D456-4825-B6FB-00EAD35A53B2}.Release|Any CPU.Build.0 = Release|Any CPU
	EndGlobalSection
	GlobalSection(SolutionProperties) = preSolution
		HideSolutionNode = FALSE
	EndGlobalSection
	GlobalSection(ExtensibilityGlobals) = postSolution
		SolutionGuid = {2E3D34C5-5EB8-4976-A4A9-BE64BA92DF69}
	EndGlobalSection
EndGlobal
