
Microsoft Visual Studio Solution File, Format Version 12.00
# Visual Studio Version 17
VisualStudioVersion = 17.4.33205.214
MinimumVisualStudioVersion = 10.0.40219.1
Project("{9A19103F-16F7-4668-BE54-9A1E7A4F7556}") = "CRUD.ConsoleApp", "CRUD.Consoleapp\CRUD.ConsoleApp.csproj", "{86E83288-776B-417A-AD96-FA06E1D56757}"
EndProject
Project("{9A19103F-16F7-4668-BE54-9A1E7A4F7556}") = "CRUD.Shares", "CRUD.Shares\CRUD.Shares.csproj", "{58C7A78C-766D-47E0-A7E9-4E73578530D9}"
EndProject
Project("{9A19103F-16F7-4668-BE54-9A1E7A4F7556}") = "CRUD.DesktopApp", "CRUD.DesktopApp\CRUD.DesktopApp.csproj", "{FBA4D1AA-E58E-4FBB-ACA8-715902744F30}"
EndProject
Global
	GlobalSection(SolutionConfigurationPlatforms) = preSolution
		Debug|Any CPU = Debug|Any CPU
		Release|Any CPU = Release|Any CPU
	EndGlobalSection
	GlobalSection(ProjectConfigurationPlatforms) = postSolution
		{86E83288-776B-417A-AD96-FA06E1D56757}.Debug|Any CPU.ActiveCfg = Debug|Any CPU
		{86E83288-776B-417A-AD96-FA06E1D56757}.Debug|Any CPU.Build.0 = Debug|Any CPU
		{86E83288-776B-417A-AD96-FA06E1D56757}.Release|Any CPU.ActiveCfg = Release|Any CPU
		{86E83288-776B-417A-AD96-FA06E1D56757}.Release|Any CPU.Build.0 = Release|Any CPU
		{58C7A78C-766D-47E0-A7E9-4E73578530D9}.Debug|Any CPU.ActiveCfg = Debug|Any CPU
		{58C7A78C-766D-47E0-A7E9-4E73578530D9}.Debug|Any CPU.Build.0 = Debug|Any CPU
		{58C7A78C-766D-47E0-A7E9-4E73578530D9}.Release|Any CPU.ActiveCfg = Release|Any CPU
		{58C7A78C-766D-47E0-A7E9-4E73578530D9}.Release|Any CPU.Build.0 = Release|Any CPU
		{FBA4D1AA-E58E-4FBB-ACA8-715902744F30}.Debug|Any CPU.ActiveCfg = Debug|Any CPU
		{FBA4D1AA-E58E-4FBB-ACA8-715902744F30}.Debug|Any CPU.Build.0 = Debug|Any CPU
		{FBA4D1AA-E58E-4FBB-ACA8-715902744F30}.Release|Any CPU.ActiveCfg = Release|Any CPU
		{FBA4D1AA-E58E-4FBB-ACA8-715902744F30}.Release|Any CPU.Build.0 = Release|Any CPU
	EndGlobalSection
	GlobalSection(SolutionProperties) = preSolution
		HideSolutionNode = FALSE
	EndGlobalSection
	GlobalSection(ExtensibilityGlobals) = postSolution
		SolutionGuid = {F9BB19D4-0FC9-49C2-9CA3-1A72C151AD5E}
	EndGlobalSection
EndGlobal
