
Microsoft Visual Studio Solution File, Format Version 12.00
# Visual Studio Version 17
VisualStudioVersion = 17.6.33927.249
MinimumVisualStudioVersion = 10.0.40219.1
Project("{FAE04EC0-301F-11D3-BF4B-00C04F79EFBC}") = "Array_list_Collection", "Array_list_Collection\Array_list_Collection.csproj", "{9E20CB59-11DF-4277-816A-8CEE9DF560EB}"
EndProject
Global
	GlobalSection(SolutionConfigurationPlatforms) = preSolution
		Debug|Any CPU = Debug|Any CPU
		Release|Any CPU = Release|Any CPU
	EndGlobalSection
	GlobalSection(ProjectConfigurationPlatforms) = postSolution
		{9E20CB59-11DF-4277-816A-8CEE9DF560EB}.Debug|Any CPU.ActiveCfg = Debug|Any CPU
		{9E20CB59-11DF-4277-816A-8CEE9DF560EB}.Debug|Any CPU.Build.0 = Debug|Any CPU
		{9E20CB59-11DF-4277-816A-8CEE9DF560EB}.Release|Any CPU.ActiveCfg = Release|Any CPU
		{9E20CB59-11DF-4277-816A-8CEE9DF560EB}.Release|Any CPU.Build.0 = Release|Any CPU
	EndGlobalSection
	GlobalSection(SolutionProperties) = preSolution
		HideSolutionNode = FALSE
	EndGlobalSection
	GlobalSection(ExtensibilityGlobals) = postSolution
		SolutionGuid = {A67851F0-D9D8-4E24-904E-8A153BC40425}
	EndGlobalSection
EndGlobal
