
Microsoft Visual Studio Solution File, Format Version 12.00
# Visual Studio Version 17
VisualStudioVersion = 17.7.34221.43
MinimumVisualStudioVersion = 10.0.40219.1
Project("{FAE04EC0-301F-11D3-BF4B-00C04F79EFBC}") = "Production", "Production.csproj", "{DA955FA7-1661-4158-AFEF-D07A5AB84BED}"
EndProject
Global
	GlobalSection(SolutionConfigurationPlatforms) = preSolution
		Debug|Any CPU = Debug|Any CPU
		Release|Any CPU = Release|Any CPU
	EndGlobalSection
	GlobalSection(ProjectConfigurationPlatforms) = postSolution
		{DA955FA7-1661-4158-AFEF-D07A5AB84BED}.Debug|Any CPU.ActiveCfg = Debug|Any CPU
		{DA955FA7-1661-4158-AFEF-D07A5AB84BED}.Debug|Any CPU.Build.0 = Debug|Any CPU
		{DA955FA7-1661-4158-AFEF-D07A5AB84BED}.Release|Any CPU.ActiveCfg = Release|Any CPU
		{DA955FA7-1661-4158-AFEF-D07A5AB84BED}.Release|Any CPU.Build.0 = Release|Any CPU
	EndGlobalSection
	GlobalSection(SolutionProperties) = preSolution
		HideSolutionNode = FALSE
	EndGlobalSection
	GlobalSection(ExtensibilityGlobals) = postSolution
		SolutionGuid = {5A4CF2A4-C26A-49C2-AEBE-143F9EC88C72}
	EndGlobalSection
EndGlobal
