
Microsoft Visual Studio Solution File, Format Version 12.00
# Visual Studio Version 17
VisualStudioVersion = 17.7.34221.43
MinimumVisualStudioVersion = 10.0.40219.1
Project("{FAE04EC0-301F-11D3-BF4B-00C04F79EFBC}") = "Product", "Product.csproj", "{32253222-A6CD-4173-BD0A-FE8EC7F3D189}"
EndProject
Global
	GlobalSection(SolutionConfigurationPlatforms) = preSolution
		Debug|Any CPU = Debug|Any CPU
		Release|Any CPU = Release|Any CPU
	EndGlobalSection
	GlobalSection(ProjectConfigurationPlatforms) = postSolution
		{32253222-A6CD-4173-BD0A-FE8EC7F3D189}.Debug|Any CPU.ActiveCfg = Debug|Any CPU
		{32253222-A6CD-4173-BD0A-FE8EC7F3D189}.Debug|Any CPU.Build.0 = Debug|Any CPU
		{32253222-A6CD-4173-BD0A-FE8EC7F3D189}.Release|Any CPU.ActiveCfg = Release|Any CPU
		{32253222-A6CD-4173-BD0A-FE8EC7F3D189}.Release|Any CPU.Build.0 = Release|Any CPU
	EndGlobalSection
	GlobalSection(SolutionProperties) = preSolution
		HideSolutionNode = FALSE
	EndGlobalSection
	GlobalSection(ExtensibilityGlobals) = postSolution
		SolutionGuid = {239B7B85-989C-4314-8E51-70AAEA99306C}
	EndGlobalSection
EndGlobal
