
Microsoft Visual Studio Solution File, Format Version 12.00
# Visual Studio Version 17
VisualStudioVersion = 17.6.33829.357
MinimumVisualStudioVersion = 10.0.40219.1
Project("{FAE04EC0-301F-11D3-BF4B-00C04F79EFBC}") = "project_Tes", "project_Tes\project_Tes.csproj", "{A514BA01-918B-474C-80CB-4F3F473B9D09}"
EndProject
Global
	GlobalSection(SolutionConfigurationPlatforms) = preSolution
		Debug|Any CPU = Debug|Any CPU
		Release|Any CPU = Release|Any CPU
	EndGlobalSection
	GlobalSection(ProjectConfigurationPlatforms) = postSolution
		{A514BA01-918B-474C-80CB-4F3F473B9D09}.Debug|Any CPU.ActiveCfg = Debug|Any CPU
		{A514BA01-918B-474C-80CB-4F3F473B9D09}.Debug|Any CPU.Build.0 = Debug|Any CPU
		{A514BA01-918B-474C-80CB-4F3F473B9D09}.Release|Any CPU.ActiveCfg = Release|Any CPU
		{A514BA01-918B-474C-80CB-4F3F473B9D09}.Release|Any CPU.Build.0 = Release|Any CPU
	EndGlobalSection
	GlobalSection(SolutionProperties) = preSolution
		HideSolutionNode = FALSE
	EndGlobalSection
	GlobalSection(ExtensibilityGlobals) = postSolution
		SolutionGuid = {85162137-D10F-487F-A618-DE585146D836}
	EndGlobalSection
EndGlobal
