
Microsoft Visual Studio Solution File, Format Version 12.00
# Visual Studio Version 17
VisualStudioVersion = 17.4.33205.214
MinimumVisualStudioVersion = 10.0.40219.1
Project("{9A19103F-16F7-4668-BE54-9A1E7A4F7556}") = "Expenses", "Expenses\Expenses.csproj", "{AEE1DC3E-7FE0-4F4A-96BC-C5FDC92548B9}"
EndProject
Project("{9A19103F-16F7-4668-BE54-9A1E7A4F7556}") = "ExpenseLibrary", "ExpenseLibrary\ExpenseLibrary.csproj", "{B6730B7F-37B3-48A7-B29F-5D6FB67A0D61}"
EndProject
Project("{9A19103F-16F7-4668-BE54-9A1E7A4F7556}") = "ListVsDictionaryTest", "ListVsDictionaryTest\ListVsDictionaryTest.csproj", "{0BE13F02-8EAB-4D73-93F2-E06C1032C737}"
EndProject
Global
	GlobalSection(SolutionConfigurationPlatforms) = preSolution
		Debug|Any CPU = Debug|Any CPU
		Release|Any CPU = Release|Any CPU
	EndGlobalSection
	GlobalSection(ProjectConfigurationPlatforms) = postSolution
		{AEE1DC3E-7FE0-4F4A-96BC-C5FDC92548B9}.Debug|Any CPU.ActiveCfg = Debug|Any CPU
		{AEE1DC3E-7FE0-4F4A-96BC-C5FDC92548B9}.Debug|Any CPU.Build.0 = Debug|Any CPU
		{AEE1DC3E-7FE0-4F4A-96BC-C5FDC92548B9}.Release|Any CPU.ActiveCfg = Release|Any CPU
		{AEE1DC3E-7FE0-4F4A-96BC-C5FDC92548B9}.Release|Any CPU.Build.0 = Release|Any CPU
		{B6730B7F-37B3-48A7-B29F-5D6FB67A0D61}.Debug|Any CPU.ActiveCfg = Debug|Any CPU
		{B6730B7F-37B3-48A7-B29F-5D6FB67A0D61}.Debug|Any CPU.Build.0 = Debug|Any CPU
		{B6730B7F-37B3-48A7-B29F-5D6FB67A0D61}.Release|Any CPU.ActiveCfg = Release|Any CPU
		{B6730B7F-37B3-48A7-B29F-5D6FB67A0D61}.Release|Any CPU.Build.0 = Release|Any CPU
		{0BE13F02-8EAB-4D73-93F2-E06C1032C737}.Debug|Any CPU.ActiveCfg = Debug|Any CPU
		{0BE13F02-8EAB-4D73-93F2-E06C1032C737}.Debug|Any CPU.Build.0 = Debug|Any CPU
		{0BE13F02-8EAB-4D73-93F2-E06C1032C737}.Release|Any CPU.ActiveCfg = Release|Any CPU
		{0BE13F02-8EAB-4D73-93F2-E06C1032C737}.Release|Any CPU.Build.0 = Release|Any CPU
	EndGlobalSection
	GlobalSection(SolutionProperties) = preSolution
		HideSolutionNode = FALSE
	EndGlobalSection
	GlobalSection(ExtensibilityGlobals) = postSolution
		SolutionGuid = {F71681E6-88B1-415A-AF15-B846AF6FD1D2}
	EndGlobalSection
EndGlobal
