
Microsoft Visual Studio Solution File, Format Version 12.00
# Visual Studio Version 17
VisualStudioVersion = 17.6.33829.357
MinimumVisualStudioVersion = 10.0.40219.1
Project("{FAE04EC0-301F-11D3-BF4B-00C04F79EFBC}") = "program1", "program1\program1.csproj", "{D3A77916-643C-49EB-8C7A-42573E9D1DFA}"
EndProject
Global
	GlobalSection(SolutionConfigurationPlatforms) = preSolution
		Debug|Any CPU = Debug|Any CPU
		Release|Any CPU = Release|Any CPU
	EndGlobalSection
	GlobalSection(ProjectConfigurationPlatforms) = postSolution
		{D3A77916-643C-49EB-8C7A-42573E9D1DFA}.Debug|Any CPU.ActiveCfg = Debug|Any CPU
		{D3A77916-643C-49EB-8C7A-42573E9D1DFA}.Debug|Any CPU.Build.0 = Debug|Any CPU
		{D3A77916-643C-49EB-8C7A-42573E9D1DFA}.Release|Any CPU.ActiveCfg = Release|Any CPU
		{D3A77916-643C-49EB-8C7A-42573E9D1DFA}.Release|Any CPU.Build.0 = Release|Any CPU
	EndGlobalSection
	GlobalSection(SolutionProperties) = preSolution
		HideSolutionNode = FALSE
	EndGlobalSection
	GlobalSection(ExtensibilityGlobals) = postSolution
		SolutionGuid = {B9E79451-103F-49B2-B641-736DD3DCA3F0}
	EndGlobalSection
EndGlobal
